
Microsoft Visual Studio Solution File, Format Version 12.00
# Visual Studio 15
VisualStudioVersion = 15.0.27130.2010
MinimumVisualStudioVersion = 10.0.40219.1
Project("{9A19103F-16F7-4668-BE54-9A1E7A4F7556}") = "SilentNotary.Common", "SilentNotary.Common\SilentNotary.Common.csproj", "{5324AC21-812F-4AC8-AED0-4F128E659617}"
EndProject
Project("{9A19103F-16F7-4668-BE54-9A1E7A4F7556}") = "SilentNotary.Cqrs", "SilentNotary.Cqrs\SilentNotary.Cqrs.csproj", "{88F73216-9077-4BBA-BA59-A01D33F14A81}"
EndProject
Project("{9A19103F-16F7-4668-BE54-9A1E7A4F7556}") = "SilentNotary.Cqrs.Domain.csproj", "SilentNotary.Cqrs.Domain.csproj\SilentNotary.Cqrs.Domain.csproj.csproj", "{75184D30-9834-4B25-B3C7-46B5587C6525}"
EndProject
Project("{9A19103F-16F7-4668-BE54-9A1E7A4F7556}") = "SilentNotary.Cqrs.EF6", "SilentNotary.Cqrs.EF6\SilentNotary.Cqrs.EF6.csproj", "{66660636-0428-4FFE-AB85-A2F4548D6C8A}"
EndProject
Project("{9A19103F-16F7-4668-BE54-9A1E7A4F7556}") = "SilentNotary.EF6", "SilentNotary.EF6\SilentNotary.EF6.csproj", "{98B9ACAA-2628-468E-AEEF-220D12B5D31E}"
EndProject
Project("{9A19103F-16F7-4668-BE54-9A1E7A4F7556}") = "SilentNotary.FunctionalCSharp", "SilentNotary.FunctionalCSharp\SilentNotary.FunctionalCSharp.csproj", "{EDD5D1E0-064A-4C9D-872A-FD52057966C4}"
EndProject
Project("{9A19103F-16F7-4668-BE54-9A1E7A4F7556}") = "SilentNotary.Specifications", "SilentNotary.Specifications\SilentNotary.Specifications.csproj", "{5AB70AEB-FC98-4DA7-B09A-5C96B22261B6}"
EndProject
Project("{2150E333-8FDC-42A3-9474-1A3956D46DE8}") = "Cqrs", "Cqrs", "{41ED9B0E-CC54-4B9B-88DE-38324843E802}"
EndProject
Global
	GlobalSection(SolutionConfigurationPlatforms) = preSolution
		Debug|Any CPU = Debug|Any CPU
		Release|Any CPU = Release|Any CPU
	EndGlobalSection
	GlobalSection(ProjectConfigurationPlatforms) = postSolution
		{5324AC21-812F-4AC8-AED0-4F128E659617}.Debug|Any CPU.ActiveCfg = Debug|Any CPU
		{5324AC21-812F-4AC8-AED0-4F128E659617}.Debug|Any CPU.Build.0 = Debug|Any CPU
		{5324AC21-812F-4AC8-AED0-4F128E659617}.Release|Any CPU.ActiveCfg = Release|Any CPU
		{5324AC21-812F-4AC8-AED0-4F128E659617}.Release|Any CPU.Build.0 = Release|Any CPU
		{88F73216-9077-4BBA-BA59-A01D33F14A81}.Debug|Any CPU.ActiveCfg = Debug|Any CPU
		{88F73216-9077-4BBA-BA59-A01D33F14A81}.Debug|Any CPU.Build.0 = Debug|Any CPU
		{88F73216-9077-4BBA-BA59-A01D33F14A81}.Release|Any CPU.ActiveCfg = Release|Any CPU
		{88F73216-9077-4BBA-BA59-A01D33F14A81}.Release|Any CPU.Build.0 = Release|Any CPU
		{75184D30-9834-4B25-B3C7-46B5587C6525}.Debug|Any CPU.ActiveCfg = Debug|Any CPU
		{75184D30-9834-4B25-B3C7-46B5587C6525}.Debug|Any CPU.Build.0 = Debug|Any CPU
		{75184D30-9834-4B25-B3C7-46B5587C6525}.Release|Any CPU.ActiveCfg = Release|Any CPU
		{75184D30-9834-4B25-B3C7-46B5587C6525}.Release|Any CPU.Build.0 = Release|Any CPU
		{66660636-0428-4FFE-AB85-A2F4548D6C8A}.Debug|Any CPU.ActiveCfg = Debug|Any CPU
		{66660636-0428-4FFE-AB85-A2F4548D6C8A}.Debug|Any CPU.Build.0 = Debug|Any CPU
		{66660636-0428-4FFE-AB85-A2F4548D6C8A}.Release|Any CPU.ActiveCfg = Release|Any CPU
		{66660636-0428-4FFE-AB85-A2F4548D6C8A}.Release|Any CPU.Build.0 = Release|Any CPU
		{98B9ACAA-2628-468E-AEEF-220D12B5D31E}.Debug|Any CPU.ActiveCfg = Debug|Any CPU
		{98B9ACAA-2628-468E-AEEF-220D12B5D31E}.Debug|Any CPU.Build.0 = Debug|Any CPU
		{98B9ACAA-2628-468E-AEEF-220D12B5D31E}.Release|Any CPU.ActiveCfg = Release|Any CPU
		{98B9ACAA-2628-468E-AEEF-220D12B5D31E}.Release|Any CPU.Build.0 = Release|Any CPU
		{EDD5D1E0-064A-4C9D-872A-FD52057966C4}.Debug|Any CPU.ActiveCfg = Debug|Any CPU
		{EDD5D1E0-064A-4C9D-872A-FD52057966C4}.Debug|Any CPU.Build.0 = Debug|Any CPU
		{EDD5D1E0-064A-4C9D-872A-FD52057966C4}.Release|Any CPU.ActiveCfg = Release|Any CPU
		{EDD5D1E0-064A-4C9D-872A-FD52057966C4}.Release|Any CPU.Build.0 = Release|Any CPU
		{5AB70AEB-FC98-4DA7-B09A-5C96B22261B6}.Debug|Any CPU.ActiveCfg = Debug|Any CPU
		{5AB70AEB-FC98-4DA7-B09A-5C96B22261B6}.Debug|Any CPU.Build.0 = Debug|Any CPU
		{5AB70AEB-FC98-4DA7-B09A-5C96B22261B6}.Release|Any CPU.ActiveCfg = Release|Any CPU
		{5AB70AEB-FC98-4DA7-B09A-5C96B22261B6}.Release|Any CPU.Build.0 = Release|Any CPU
	EndGlobalSection
	GlobalSection(SolutionProperties) = preSolution
		HideSolutionNode = FALSE
	EndGlobalSection
	GlobalSection(NestedProjects) = preSolution
		{88F73216-9077-4BBA-BA59-A01D33F14A81} = {41ED9B0E-CC54-4B9B-88DE-38324843E802}
		{75184D30-9834-4B25-B3C7-46B5587C6525} = {41ED9B0E-CC54-4B9B-88DE-38324843E802}
		{66660636-0428-4FFE-AB85-A2F4548D6C8A} = {41ED9B0E-CC54-4B9B-88DE-38324843E802}
	EndGlobalSection
	GlobalSection(ExtensibilityGlobals) = postSolution
		SolutionGuid = {B583C775-C088-4A08-B552-2CF73B475677}
	EndGlobalSection
EndGlobal
